
Microsoft Visual Studio Solution File, Format Version 12.00
# Visual Studio 15
VisualStudioVersion = 15.0.26124.0
MinimumVisualStudioVersion = 15.0.26124.0
Project("{FAE04EC0-301F-11D3-BF4B-00C04F79EFBC}") = "Domain", "Domain\Domain.csproj", "{F615F9A1-5E39-4C3C-B12C-E68BC856E5F0}"
EndProject
Project("{FAE04EC0-301F-11D3-BF4B-00C04F79EFBC}") = "Application", "Application\Application.csproj", "{46193AE3-817F-4D5E-B5A1-3470E53FD5CB}"
EndProject
Project("{FAE04EC0-301F-11D3-BF4B-00C04F79EFBC}") = "Persistence", "Persistence\Persistence.csproj", "{78CB3038-B347-4BE0-BAD2-94F941B59582}"
EndProject
Project("{FAE04EC0-301F-11D3-BF4B-00C04F79EFBC}") = "API", "API\API.csproj", "{50DED6B2-559F-4552-B7C0-6F21DF7E2EC8}"
EndProject
Global
	GlobalSection(SolutionConfigurationPlatforms) = preSolution
		Debug|Any CPU = Debug|Any CPU
		Debug|x64 = Debug|x64
		Debug|x86 = Debug|x86
		Release|Any CPU = Release|Any CPU
		Release|x64 = Release|x64
		Release|x86 = Release|x86
	EndGlobalSection
	GlobalSection(SolutionProperties) = preSolution
		HideSolutionNode = FALSE
	EndGlobalSection
	GlobalSection(ProjectConfigurationPlatforms) = postSolution
		{F615F9A1-5E39-4C3C-B12C-E68BC856E5F0}.Debug|Any CPU.ActiveCfg = Debug|Any CPU
		{F615F9A1-5E39-4C3C-B12C-E68BC856E5F0}.Debug|Any CPU.Build.0 = Debug|Any CPU
		{F615F9A1-5E39-4C3C-B12C-E68BC856E5F0}.Debug|x64.ActiveCfg = Debug|Any CPU
		{F615F9A1-5E39-4C3C-B12C-E68BC856E5F0}.Debug|x64.Build.0 = Debug|Any CPU
		{F615F9A1-5E39-4C3C-B12C-E68BC856E5F0}.Debug|x86.ActiveCfg = Debug|Any CPU
		{F615F9A1-5E39-4C3C-B12C-E68BC856E5F0}.Debug|x86.Build.0 = Debug|Any CPU
		{F615F9A1-5E39-4C3C-B12C-E68BC856E5F0}.Release|Any CPU.ActiveCfg = Release|Any CPU
		{F615F9A1-5E39-4C3C-B12C-E68BC856E5F0}.Release|Any CPU.Build.0 = Release|Any CPU
		{F615F9A1-5E39-4C3C-B12C-E68BC856E5F0}.Release|x64.ActiveCfg = Release|Any CPU
		{F615F9A1-5E39-4C3C-B12C-E68BC856E5F0}.Release|x64.Build.0 = Release|Any CPU
		{F615F9A1-5E39-4C3C-B12C-E68BC856E5F0}.Release|x86.ActiveCfg = Release|Any CPU
		{F615F9A1-5E39-4C3C-B12C-E68BC856E5F0}.Release|x86.Build.0 = Release|Any CPU
		{46193AE3-817F-4D5E-B5A1-3470E53FD5CB}.Debug|Any CPU.ActiveCfg = Debug|Any CPU
		{46193AE3-817F-4D5E-B5A1-3470E53FD5CB}.Debug|Any CPU.Build.0 = Debug|Any CPU
		{46193AE3-817F-4D5E-B5A1-3470E53FD5CB}.Debug|x64.ActiveCfg = Debug|Any CPU
		{46193AE3-817F-4D5E-B5A1-3470E53FD5CB}.Debug|x64.Build.0 = Debug|Any CPU
		{46193AE3-817F-4D5E-B5A1-3470E53FD5CB}.Debug|x86.ActiveCfg = Debug|Any CPU
		{46193AE3-817F-4D5E-B5A1-3470E53FD5CB}.Debug|x86.Build.0 = Debug|Any CPU
		{46193AE3-817F-4D5E-B5A1-3470E53FD5CB}.Release|Any CPU.ActiveCfg = Release|Any CPU
		{46193AE3-817F-4D5E-B5A1-3470E53FD5CB}.Release|Any CPU.Build.0 = Release|Any CPU
		{46193AE3-817F-4D5E-B5A1-3470E53FD5CB}.Release|x64.ActiveCfg = Release|Any CPU
		{46193AE3-817F-4D5E-B5A1-3470E53FD5CB}.Release|x64.Build.0 = Release|Any CPU
		{46193AE3-817F-4D5E-B5A1-3470E53FD5CB}.Release|x86.ActiveCfg = Release|Any CPU
		{46193AE3-817F-4D5E-B5A1-3470E53FD5CB}.Release|x86.Build.0 = Release|Any CPU
		{78CB3038-B347-4BE0-BAD2-94F941B59582}.Debug|Any CPU.ActiveCfg = Debug|Any CPU
		{78CB3038-B347-4BE0-BAD2-94F941B59582}.Debug|Any CPU.Build.0 = Debug|Any CPU
		{78CB3038-B347-4BE0-BAD2-94F941B59582}.Debug|x64.ActiveCfg = Debug|Any CPU
		{78CB3038-B347-4BE0-BAD2-94F941B59582}.Debug|x64.Build.0 = Debug|Any CPU
		{78CB3038-B347-4BE0-BAD2-94F941B59582}.Debug|x86.ActiveCfg = Debug|Any CPU
		{78CB3038-B347-4BE0-BAD2-94F941B59582}.Debug|x86.Build.0 = Debug|Any CPU
		{78CB3038-B347-4BE0-BAD2-94F941B59582}.Release|Any CPU.ActiveCfg = Release|Any CPU
		{78CB3038-B347-4BE0-BAD2-94F941B59582}.Release|Any CPU.Build.0 = Release|Any CPU
		{78CB3038-B347-4BE0-BAD2-94F941B59582}.Release|x64.ActiveCfg = Release|Any CPU
		{78CB3038-B347-4BE0-BAD2-94F941B59582}.Release|x64.Build.0 = Release|Any CPU
		{78CB3038-B347-4BE0-BAD2-94F941B59582}.Release|x86.ActiveCfg = Release|Any CPU
		{78CB3038-B347-4BE0-BAD2-94F941B59582}.Release|x86.Build.0 = Release|Any CPU
		{50DED6B2-559F-4552-B7C0-6F21DF7E2EC8}.Debug|Any CPU.ActiveCfg = Debug|Any CPU
		{50DED6B2-559F-4552-B7C0-6F21DF7E2EC8}.Debug|Any CPU.Build.0 = Debug|Any CPU
		{50DED6B2-559F-4552-B7C0-6F21DF7E2EC8}.Debug|x64.ActiveCfg = Debug|Any CPU
		{50DED6B2-559F-4552-B7C0-6F21DF7E2EC8}.Debug|x64.Build.0 = Debug|Any CPU
		{50DED6B2-559F-4552-B7C0-6F21DF7E2EC8}.Debug|x86.ActiveCfg = Debug|Any CPU
		{50DED6B2-559F-4552-B7C0-6F21DF7E2EC8}.Debug|x86.Build.0 = Debug|Any CPU
		{50DED6B2-559F-4552-B7C0-6F21DF7E2EC8}.Release|Any CPU.ActiveCfg = Release|Any CPU
		{50DED6B2-559F-4552-B7C0-6F21DF7E2EC8}.Release|Any CPU.Build.0 = Release|Any CPU
		{50DED6B2-559F-4552-B7C0-6F21DF7E2EC8}.Release|x64.ActiveCfg = Release|Any CPU
		{50DED6B2-559F-4552-B7C0-6F21DF7E2EC8}.Release|x64.Build.0 = Release|Any CPU
		{50DED6B2-559F-4552-B7C0-6F21DF7E2EC8}.Release|x86.ActiveCfg = Release|Any CPU
		{50DED6B2-559F-4552-B7C0-6F21DF7E2EC8}.Release|x86.Build.0 = Release|Any CPU
	EndGlobalSection
EndGlobal
